
Microsoft Visual Studio Solution File, Format Version 11.00
# Visual Studio 2010
Project("{FAE04EC0-301F-11D3-BF4B-00C04F79EFBC}") = "Assembly-CSharp", "Assembly-CSharp.csproj", "{8591168D-35C8-1B33-A3A5-DBF1CF155BDC}"
EndProject
Project("{FAE04EC0-301F-11D3-BF4B-00C04F79EFBC}") = "Oculus.VR", "Oculus.VR.csproj", "{B5BFB861-2D9E-D84E-EA58-C626A153B68F}"
EndProject
Project("{FAE04EC0-301F-11D3-BF4B-00C04F79EFBC}") = "Assembly-CSharp-Editor", "Assembly-CSharp-Editor.csproj", "{F3F3789A-A9CC-AE0D-A450-8BFD58E4A3C4}"
EndProject
Project("{FAE04EC0-301F-11D3-BF4B-00C04F79EFBC}") = "Oculus.VR.Scripts.Editor", "Oculus.VR.Scripts.Editor.csproj", "{75095A44-90F1-7294-4C85-6FE0314C82E0}"
EndProject
Project("{FAE04EC0-301F-11D3-BF4B-00C04F79EFBC}") = "Oculus.VR.Editor", "Oculus.VR.Editor.csproj", "{9B6A8303-5B45-8A59-50FA-83190F538584}"
EndProject
Global
	GlobalSection(SolutionConfigurationPlatforms) = preSolution
		Debug|Any CPU = Debug|Any CPU
		Release|Any CPU = Release|Any CPU
	EndGlobalSection
	GlobalSection(ProjectConfigurationPlatforms) = postSolution
		{8591168D-35C8-1B33-A3A5-DBF1CF155BDC}.Debug|Any CPU.ActiveCfg = Debug|Any CPU
		{8591168D-35C8-1B33-A3A5-DBF1CF155BDC}.Debug|Any CPU.Build.0 = Debug|Any CPU
		{8591168D-35C8-1B33-A3A5-DBF1CF155BDC}.Release|Any CPU.ActiveCfg = Release|Any CPU
		{8591168D-35C8-1B33-A3A5-DBF1CF155BDC}.Release|Any CPU.Build.0 = Release|Any CPU
		{B5BFB861-2D9E-D84E-EA58-C626A153B68F}.Debug|Any CPU.ActiveCfg = Debug|Any CPU
		{B5BFB861-2D9E-D84E-EA58-C626A153B68F}.Debug|Any CPU.Build.0 = Debug|Any CPU
		{B5BFB861-2D9E-D84E-EA58-C626A153B68F}.Release|Any CPU.ActiveCfg = Release|Any CPU
		{B5BFB861-2D9E-D84E-EA58-C626A153B68F}.Release|Any CPU.Build.0 = Release|Any CPU
		{F3F3789A-A9CC-AE0D-A450-8BFD58E4A3C4}.Debug|Any CPU.ActiveCfg = Debug|Any CPU
		{F3F3789A-A9CC-AE0D-A450-8BFD58E4A3C4}.Debug|Any CPU.Build.0 = Debug|Any CPU
		{F3F3789A-A9CC-AE0D-A450-8BFD58E4A3C4}.Release|Any CPU.ActiveCfg = Release|Any CPU
		{F3F3789A-A9CC-AE0D-A450-8BFD58E4A3C4}.Release|Any CPU.Build.0 = Release|Any CPU
		{75095A44-90F1-7294-4C85-6FE0314C82E0}.Debug|Any CPU.ActiveCfg = Debug|Any CPU
		{75095A44-90F1-7294-4C85-6FE0314C82E0}.Debug|Any CPU.Build.0 = Debug|Any CPU
		{75095A44-90F1-7294-4C85-6FE0314C82E0}.Release|Any CPU.ActiveCfg = Release|Any CPU
		{75095A44-90F1-7294-4C85-6FE0314C82E0}.Release|Any CPU.Build.0 = Release|Any CPU
		{9B6A8303-5B45-8A59-50FA-83190F538584}.Debug|Any CPU.ActiveCfg = Debug|Any CPU
		{9B6A8303-5B45-8A59-50FA-83190F538584}.Debug|Any CPU.Build.0 = Debug|Any CPU
		{9B6A8303-5B45-8A59-50FA-83190F538584}.Release|Any CPU.ActiveCfg = Release|Any CPU
		{9B6A8303-5B45-8A59-50FA-83190F538584}.Release|Any CPU.Build.0 = Release|Any CPU
	EndGlobalSection
	GlobalSection(SolutionProperties) = preSolution
		HideSolutionNode = FALSE
	EndGlobalSection
	GlobalSection(MonoDevelopProperties) = preSolution
		StartupItem = Assembly-CSharp.csproj
	EndGlobalSection
EndGlobal
